
Microsoft Visual Studio Solution File, Format Version 12.00
# Visual Studio Version 17
VisualStudioVersion = 17.1.32319.34
MinimumVisualStudioVersion = 10.0.40219.1
Project("{FAE04EC0-301F-11D3-BF4B-00C04F79EFBC}") = "MapleggCrawler", "MapleggCrawler\MapleggCrawler.csproj", "{CE231FE2-932B-489D-AC46-203811CB0E53}"
EndProject
Project("{F2A71F9B-5D33-465A-A702-920D77279786}") = "MapleggCrawler.Core", "MapleggCrawler.Core\MapleggCrawler.Core.fsproj", "{3F10880D-303A-4827-A911-FB3B522211C8}"
EndProject
Global
	GlobalSection(SolutionConfigurationPlatforms) = preSolution
		Debug|Any CPU = Debug|Any CPU
		Release|Any CPU = Release|Any CPU
	EndGlobalSection
	GlobalSection(ProjectConfigurationPlatforms) = postSolution
		{CE231FE2-932B-489D-AC46-203811CB0E53}.Debug|Any CPU.ActiveCfg = Debug|Any CPU
		{CE231FE2-932B-489D-AC46-203811CB0E53}.Debug|Any CPU.Build.0 = Debug|Any CPU
		{CE231FE2-932B-489D-AC46-203811CB0E53}.Release|Any CPU.ActiveCfg = Release|Any CPU
		{CE231FE2-932B-489D-AC46-203811CB0E53}.Release|Any CPU.Build.0 = Release|Any CPU
		{3F10880D-303A-4827-A911-FB3B522211C8}.Debug|Any CPU.ActiveCfg = Debug|Any CPU
		{3F10880D-303A-4827-A911-FB3B522211C8}.Debug|Any CPU.Build.0 = Debug|Any CPU
		{3F10880D-303A-4827-A911-FB3B522211C8}.Release|Any CPU.ActiveCfg = Release|Any CPU
		{3F10880D-303A-4827-A911-FB3B522211C8}.Release|Any CPU.Build.0 = Release|Any CPU
	EndGlobalSection
	GlobalSection(SolutionProperties) = preSolution
		HideSolutionNode = FALSE
	EndGlobalSection
	GlobalSection(ExtensibilityGlobals) = postSolution
		SolutionGuid = {9E0FEE4F-818C-42E0-8DE5-90F49A89AA3B}
	EndGlobalSection
EndGlobal
